<?xml version="1.0" encoding="utf-8"?>
<Project ToolsVersion="4.0" xmlns="http://schemas.microsoft.com/developer/msbuild/2003">
  <ItemGroup>
    <Filter Include="Source Files">
      <UniqueIdentifier>{4FC737F1-C7A5-4376-A066-2A32D752A2FF}</UniqueIdentifier>
      <Extensions>cpp;c;cc;cxx;def;odl;idl;hpj;bat;asm;asmx</Extensions>
    </Filter>
    <Filter Include="Source Files\engine">
      <UniqueIdentifier>{b46e1bee-ca8e-4b6b-982e-4a8c65c0f36d}</UniqueIdentifier>
    </Filter>
    <Filter Include="Source Files\game">
      <UniqueIdentifier>{776e3bff-c058-497e-b061-95725c68d22e}</UniqueIdentifier>
    </Filter>
    <Filter Include="Source Files\engine\primitives">
      <UniqueIdentifier>{d9e3dfd4-489f-48b9-bf55-8adfc4e7fed6}</UniqueIdentifier>
    </Filter>
    <Filter Include="Source Files\engine\opengl utils">
      <UniqueIdentifier>{d566ba02-e57b-411c-aa1c-dc77be1daf54}</UniqueIdentifier>
    </Filter>
    <Filter Include="Source Files\engine\text rendering">
      <UniqueIdentifier>{ceafa77e-4323-4638-bf5c-d1cf68b26084}</UniqueIdentifier>
    </Filter>
  </ItemGroup>
  <ItemGroup>
    <ClCompile Include="src\engine\Source.cpp">
      <Filter>Source Files\engine</Filter>
    </ClCompile>
    <ClCompile Include="src\game\GameLogicInterface.cpp">
      <Filter>Source Files\game</Filter>
    </ClCompile>
    <ClCompile Include="src\engine\OpenglBufferObjects.cpp">
      <Filter>Source Files\engine\opengl utils</Filter>
    </ClCompile>
    <ClCompile Include="src\engine\Shader.cpp">
      <Filter>Source Files\engine\opengl utils</Filter>
    </ClCompile>
    <ClCompile Include="src\engine\Texture.cpp">
      <Filter>Source Files\engine\opengl utils</Filter>
    </ClCompile>
    <ClCompile Include="src\engine\TexturedQuad.cpp">
      <Filter>Source Files\engine\primitives</Filter>
    </ClCompile>
    <ClCompile Include="src\engine\Window.cpp">
      <Filter>Source Files\engine\opengl utils</Filter>
    </ClCompile>
    <ClCompile Include="src\engine\BitmapFont.cpp">
      <Filter>Source Files\engine\text rendering</Filter>
    </ClCompile>
    <ClCompile Include="src\engine\BitmapText.cpp">
      <Filter>Source Files\engine\text rendering</Filter>
    </ClCompile>
    <ClCompile Include="src\engine\ViewportManager.cpp">
      <Filter>Source Files\engine\opengl utils</Filter>
    </ClCompile>
    <ClCompile Include="src\engine\FontManager.cpp">
      <Filter>Source Files\engine\text rendering</Filter>
    </ClCompile>
    <ClCompile Include="src\engine\TextureManager.cpp">
      <Filter>Source Files\engine\opengl utils</Filter>
    </ClCompile>
    <ClCompile Include="src\engine\BatchQuads.cpp">
      <Filter>Source Files\engine\primitives</Filter>
    </ClCompile>
  </ItemGroup>
  <ItemGroup>
    <ClInclude Include="src\game\GameLogicInterface.h">
      <Filter>Source Files\game</Filter>
    </ClInclude>
    <ClInclude Include="src\engine\OpenglBufferObjects.h">
      <Filter>Source Files\engine\opengl utils</Filter>
    </ClInclude>
    <ClInclude Include="src\engine\Shader.h">
      <Filter>Source Files\engine\opengl utils</Filter>
    </ClInclude>
    <ClInclude Include="src\engine\Texture.h">
      <Filter>Source Files\engine\opengl utils</Filter>
    </ClInclude>
    <ClInclude Include="src\engine\TexturedQuad.h">
      <Filter>Source Files\engine\primitives</Filter>
    </ClInclude>
    <ClInclude Include="src\engine\Window.h">
      <Filter>Source Files\engine\opengl utils</Filter>
    </ClInclude>
    <ClInclude Include="src\engine\BitmapFont.h">
      <Filter>Source Files\engine\text rendering</Filter>
    </ClInclude>
    <ClInclude Include="src\engine\BitmapText.h">
      <Filter>Source Files\engine\text rendering</Filter>
    </ClInclude>
    <ClInclude Include="src\engine\ViewportManager.h">
      <Filter>Source Files\engine\opengl utils</Filter>
    </ClInclude>
    <ClInclude Include="src\engine\FontManager.h">
      <Filter>Source Files\engine\text rendering</Filter>
    </ClInclude>
    <ClInclude Include="src\engine\TextureManager.h">
      <Filter>Source Files\engine\opengl utils</Filter>
    </ClInclude>
    <ClInclude Include="src\engine\BatchQuads.h">
      <Filter>Source Files\engine\primitives</Filter>
    </ClInclude>
  </ItemGroup>
</Project>